
Microsoft Visual Studio Solution File, Format Version 12.00
Project("{2150E333-8FDC-42A3-9474-1A3956D46DE8}") = "Services", "Services", "{B79822E0-C237-4392-82A8-E34F65030E53}"
EndProject
Project("{2150E333-8FDC-42A3-9474-1A3956D46DE8}") = "Client", "Client", "{B554D09E-E1E5-4618-B3BC-1BE84143F6C3}"
EndProject
Project("{2150E333-8FDC-42A3-9474-1A3956D46DE8}") = "Account", "Account", "{DCD4B14F-5772-45D6-9FD4-0C0A9F2B7A47}"
EndProject
Project("{2150E333-8FDC-42A3-9474-1A3956D46DE8}") = "BuildingBlocks", "BuildingBlocks", "{24FF2B65-2337-47E3-B087-39A822579A60}"
EndProject
Project("{2150E333-8FDC-42A3-9474-1A3956D46DE8}") = "EventBus", "EventBus", "{074293EB-1F13-4EE1-B10B-29E458518248}"
EndProject
Project("{2150E333-8FDC-42A3-9474-1A3956D46DE8}") = "Report", "Report", "{1B7A361E-C53D-4CEA-9AF5-C748976881C9}"
EndProject
Project("{2150E333-8FDC-42A3-9474-1A3956D46DE8}") = "src", "src", "{4301F0C4-A80F-4B6F-B9FD-E7EF93AECD4D}"
EndProject
Project("{FAE04EC0-301F-11D3-BF4B-00C04F79EFBC}") = "EventBus", "BuildingBlocks\EventBus\EventBus.csproj", "{0FD413B1-0EDE-4503-B9FC-CF543246790A}"
EndProject
Project("{FAE04EC0-301F-11D3-BF4B-00C04F79EFBC}") = "EventBusRabbitMQ", "BuildingBlocks\EventBusRabbitMQ\EventBusRabbitMQ.csproj", "{9D6164BB-AFCC-4391-96FE-B2F5600DBC1F}"
EndProject
Project("{FAE04EC0-301F-11D3-BF4B-00C04F79EFBC}") = "Account.API", "Services\Account\Account.API\Account.API.csproj", "{7E72A344-3AC1-49D7-889C-045E888F7D43}"
EndProject
Project("{FAE04EC0-301F-11D3-BF4B-00C04F79EFBC}") = "Account.Application", "Services\Account\Account.Application\Account.Application.csproj", "{DF6610B5-65BB-4821-89EB-C5D98321DD7B}"
EndProject
Project("{FAE04EC0-301F-11D3-BF4B-00C04F79EFBC}") = "Account.Domain", "Services\Account\Account.Domain\Account.Domain.csproj", "{F9155FDD-7C51-4D82-B2A6-62FEE73CCF7E}"
EndProject
Project("{FAE04EC0-301F-11D3-BF4B-00C04F79EFBC}") = "Account.Infrastructure", "Services\Account\Account.Infrastructure\Account.Infrastructure.csproj", "{F0418024-D663-4ADE-AD41-B2B01DB889AB}"
EndProject
Project("{FAE04EC0-301F-11D3-BF4B-00C04F79EFBC}") = "Client.API", "Services\Client\Client.API\Client.API.csproj", "{AB2BC40F-1790-4E96-B465-0D14CDE99BB9}"
EndProject
Project("{FAE04EC0-301F-11D3-BF4B-00C04F79EFBC}") = "Client.Application", "Services\Client\Client.Application\Client.Application.csproj", "{901C3B3F-9133-4C65-A53C-225E6C7651C1}"
EndProject
Project("{FAE04EC0-301F-11D3-BF4B-00C04F79EFBC}") = "Client.Domain", "Services\Client\Client.Domain\Client.Domain.csproj", "{0DF7246E-E5D1-4060-933B-1B987D8A9144}"
EndProject
Project("{FAE04EC0-301F-11D3-BF4B-00C04F79EFBC}") = "Client.Infrastructure", "Services\Client\Client.Infrastructure\Client.Infrastructure.csproj", "{BE038412-4658-4EE2-A7BB-B21BCA90C3F7}"
EndProject
Project("{FAE04EC0-301F-11D3-BF4B-00C04F79EFBC}") = "Report.Service", "Services\Report\Report.Service.csproj", "{1D783BE3-BC10-422A-91A4-3B1175F20909}"
EndProject
Project("{2150E333-8FDC-42A3-9474-1A3956D46DE8}") = "tests", "tests", "{291E0BF7-1FC7-454D-B8C6-CDCEA00788DC}"
EndProject
Project("{FAE04EC0-301F-11D3-BF4B-00C04F79EFBC}") = "Client.UnitTests", "Services\Client\Client.UnitTests\Client.UnitTests.csproj", "{FE4E775B-C91F-46F2-B024-A3F2A484146A}"
EndProject
Project("{2150E333-8FDC-42A3-9474-1A3956D46DE8}") = "tests", "tests", "{D33B70D0-1CF6-4227-B9A9-44C4B82372EB}"
EndProject
Project("{FAE04EC0-301F-11D3-BF4B-00C04F79EFBC}") = "Services.IntegrationTests", "Tests\Services.IntegrationTests\Services.IntegrationTests.csproj", "{74AF2BB7-5D6F-4A09-AE9C-E4B4ED780A13}"
EndProject
Global
	GlobalSection(SolutionConfigurationPlatforms) = preSolution
		Debug|Any CPU = Debug|Any CPU
		Release|Any CPU = Release|Any CPU
	EndGlobalSection
	GlobalSection(NestedProjects) = preSolution
		{B554D09E-E1E5-4618-B3BC-1BE84143F6C3} = {B79822E0-C237-4392-82A8-E34F65030E53}
		{DCD4B14F-5772-45D6-9FD4-0C0A9F2B7A47} = {B79822E0-C237-4392-82A8-E34F65030E53}
		{074293EB-1F13-4EE1-B10B-29E458518248} = {24FF2B65-2337-47E3-B087-39A822579A60}
		{1B7A361E-C53D-4CEA-9AF5-C748976881C9} = {B79822E0-C237-4392-82A8-E34F65030E53}
		{24FF2B65-2337-47E3-B087-39A822579A60} = {4301F0C4-A80F-4B6F-B9FD-E7EF93AECD4D}
		{B79822E0-C237-4392-82A8-E34F65030E53} = {4301F0C4-A80F-4B6F-B9FD-E7EF93AECD4D}
		{0FD413B1-0EDE-4503-B9FC-CF543246790A} = {074293EB-1F13-4EE1-B10B-29E458518248}
		{9D6164BB-AFCC-4391-96FE-B2F5600DBC1F} = {074293EB-1F13-4EE1-B10B-29E458518248}
		{7E72A344-3AC1-49D7-889C-045E888F7D43} = {DCD4B14F-5772-45D6-9FD4-0C0A9F2B7A47}
		{DF6610B5-65BB-4821-89EB-C5D98321DD7B} = {DCD4B14F-5772-45D6-9FD4-0C0A9F2B7A47}
		{F9155FDD-7C51-4D82-B2A6-62FEE73CCF7E} = {DCD4B14F-5772-45D6-9FD4-0C0A9F2B7A47}
		{F0418024-D663-4ADE-AD41-B2B01DB889AB} = {DCD4B14F-5772-45D6-9FD4-0C0A9F2B7A47}
		{AB2BC40F-1790-4E96-B465-0D14CDE99BB9} = {B554D09E-E1E5-4618-B3BC-1BE84143F6C3}
		{901C3B3F-9133-4C65-A53C-225E6C7651C1} = {B554D09E-E1E5-4618-B3BC-1BE84143F6C3}
		{0DF7246E-E5D1-4060-933B-1B987D8A9144} = {B554D09E-E1E5-4618-B3BC-1BE84143F6C3}
		{BE038412-4658-4EE2-A7BB-B21BCA90C3F7} = {B554D09E-E1E5-4618-B3BC-1BE84143F6C3}
		{1D783BE3-BC10-422A-91A4-3B1175F20909} = {1B7A361E-C53D-4CEA-9AF5-C748976881C9}
		{291E0BF7-1FC7-454D-B8C6-CDCEA00788DC} = {B554D09E-E1E5-4618-B3BC-1BE84143F6C3}
		{FE4E775B-C91F-46F2-B024-A3F2A484146A} = {291E0BF7-1FC7-454D-B8C6-CDCEA00788DC}
		{74AF2BB7-5D6F-4A09-AE9C-E4B4ED780A13} = {D33B70D0-1CF6-4227-B9A9-44C4B82372EB}
	EndGlobalSection
	GlobalSection(ProjectConfigurationPlatforms) = postSolution
		{0FD413B1-0EDE-4503-B9FC-CF543246790A}.Debug|Any CPU.ActiveCfg = Debug|Any CPU
		{0FD413B1-0EDE-4503-B9FC-CF543246790A}.Debug|Any CPU.Build.0 = Debug|Any CPU
		{0FD413B1-0EDE-4503-B9FC-CF543246790A}.Release|Any CPU.ActiveCfg = Release|Any CPU
		{0FD413B1-0EDE-4503-B9FC-CF543246790A}.Release|Any CPU.Build.0 = Release|Any CPU
		{9D6164BB-AFCC-4391-96FE-B2F5600DBC1F}.Debug|Any CPU.ActiveCfg = Debug|Any CPU
		{9D6164BB-AFCC-4391-96FE-B2F5600DBC1F}.Debug|Any CPU.Build.0 = Debug|Any CPU
		{9D6164BB-AFCC-4391-96FE-B2F5600DBC1F}.Release|Any CPU.ActiveCfg = Release|Any CPU
		{9D6164BB-AFCC-4391-96FE-B2F5600DBC1F}.Release|Any CPU.Build.0 = Release|Any CPU
		{7E72A344-3AC1-49D7-889C-045E888F7D43}.Debug|Any CPU.ActiveCfg = Debug|Any CPU
		{7E72A344-3AC1-49D7-889C-045E888F7D43}.Debug|Any CPU.Build.0 = Debug|Any CPU
		{7E72A344-3AC1-49D7-889C-045E888F7D43}.Release|Any CPU.ActiveCfg = Release|Any CPU
		{7E72A344-3AC1-49D7-889C-045E888F7D43}.Release|Any CPU.Build.0 = Release|Any CPU
		{DF6610B5-65BB-4821-89EB-C5D98321DD7B}.Debug|Any CPU.ActiveCfg = Debug|Any CPU
		{DF6610B5-65BB-4821-89EB-C5D98321DD7B}.Debug|Any CPU.Build.0 = Debug|Any CPU
		{DF6610B5-65BB-4821-89EB-C5D98321DD7B}.Release|Any CPU.ActiveCfg = Release|Any CPU
		{DF6610B5-65BB-4821-89EB-C5D98321DD7B}.Release|Any CPU.Build.0 = Release|Any CPU
		{F9155FDD-7C51-4D82-B2A6-62FEE73CCF7E}.Debug|Any CPU.ActiveCfg = Debug|Any CPU
		{F9155FDD-7C51-4D82-B2A6-62FEE73CCF7E}.Debug|Any CPU.Build.0 = Debug|Any CPU
		{F9155FDD-7C51-4D82-B2A6-62FEE73CCF7E}.Release|Any CPU.ActiveCfg = Release|Any CPU
		{F9155FDD-7C51-4D82-B2A6-62FEE73CCF7E}.Release|Any CPU.Build.0 = Release|Any CPU
		{F0418024-D663-4ADE-AD41-B2B01DB889AB}.Debug|Any CPU.ActiveCfg = Debug|Any CPU
		{F0418024-D663-4ADE-AD41-B2B01DB889AB}.Debug|Any CPU.Build.0 = Debug|Any CPU
		{F0418024-D663-4ADE-AD41-B2B01DB889AB}.Release|Any CPU.ActiveCfg = Release|Any CPU
		{F0418024-D663-4ADE-AD41-B2B01DB889AB}.Release|Any CPU.Build.0 = Release|Any CPU
		{AB2BC40F-1790-4E96-B465-0D14CDE99BB9}.Debug|Any CPU.ActiveCfg = Debug|Any CPU
		{AB2BC40F-1790-4E96-B465-0D14CDE99BB9}.Debug|Any CPU.Build.0 = Debug|Any CPU
		{AB2BC40F-1790-4E96-B465-0D14CDE99BB9}.Release|Any CPU.ActiveCfg = Release|Any CPU
		{AB2BC40F-1790-4E96-B465-0D14CDE99BB9}.Release|Any CPU.Build.0 = Release|Any CPU
		{901C3B3F-9133-4C65-A53C-225E6C7651C1}.Debug|Any CPU.ActiveCfg = Debug|Any CPU
		{901C3B3F-9133-4C65-A53C-225E6C7651C1}.Debug|Any CPU.Build.0 = Debug|Any CPU
		{901C3B3F-9133-4C65-A53C-225E6C7651C1}.Release|Any CPU.ActiveCfg = Release|Any CPU
		{901C3B3F-9133-4C65-A53C-225E6C7651C1}.Release|Any CPU.Build.0 = Release|Any CPU
		{0DF7246E-E5D1-4060-933B-1B987D8A9144}.Debug|Any CPU.ActiveCfg = Debug|Any CPU
		{0DF7246E-E5D1-4060-933B-1B987D8A9144}.Debug|Any CPU.Build.0 = Debug|Any CPU
		{0DF7246E-E5D1-4060-933B-1B987D8A9144}.Release|Any CPU.ActiveCfg = Release|Any CPU
		{0DF7246E-E5D1-4060-933B-1B987D8A9144}.Release|Any CPU.Build.0 = Release|Any CPU
		{BE038412-4658-4EE2-A7BB-B21BCA90C3F7}.Debug|Any CPU.ActiveCfg = Debug|Any CPU
		{BE038412-4658-4EE2-A7BB-B21BCA90C3F7}.Debug|Any CPU.Build.0 = Debug|Any CPU
		{BE038412-4658-4EE2-A7BB-B21BCA90C3F7}.Release|Any CPU.ActiveCfg = Release|Any CPU
		{BE038412-4658-4EE2-A7BB-B21BCA90C3F7}.Release|Any CPU.Build.0 = Release|Any CPU
		{1D783BE3-BC10-422A-91A4-3B1175F20909}.Debug|Any CPU.ActiveCfg = Debug|Any CPU
		{1D783BE3-BC10-422A-91A4-3B1175F20909}.Debug|Any CPU.Build.0 = Debug|Any CPU
		{1D783BE3-BC10-422A-91A4-3B1175F20909}.Release|Any CPU.ActiveCfg = Release|Any CPU
		{1D783BE3-BC10-422A-91A4-3B1175F20909}.Release|Any CPU.Build.0 = Release|Any CPU
		{FE4E775B-C91F-46F2-B024-A3F2A484146A}.Debug|Any CPU.ActiveCfg = Debug|Any CPU
		{FE4E775B-C91F-46F2-B024-A3F2A484146A}.Debug|Any CPU.Build.0 = Debug|Any CPU
		{FE4E775B-C91F-46F2-B024-A3F2A484146A}.Release|Any CPU.ActiveCfg = Release|Any CPU
		{FE4E775B-C91F-46F2-B024-A3F2A484146A}.Release|Any CPU.Build.0 = Release|Any CPU
		{74AF2BB7-5D6F-4A09-AE9C-E4B4ED780A13}.Debug|Any CPU.ActiveCfg = Debug|Any CPU
		{74AF2BB7-5D6F-4A09-AE9C-E4B4ED780A13}.Debug|Any CPU.Build.0 = Debug|Any CPU
		{74AF2BB7-5D6F-4A09-AE9C-E4B4ED780A13}.Release|Any CPU.ActiveCfg = Release|Any CPU
		{74AF2BB7-5D6F-4A09-AE9C-E4B4ED780A13}.Release|Any CPU.Build.0 = Release|Any CPU
	EndGlobalSection
EndGlobal
